
Microsoft Visual Studio Solution File, Format Version 12.00
# Visual Studio 15
VisualStudioVersion = 15.0.28010.2036
MinimumVisualStudioVersion = 10.0.40219.1
Project("{FAE04EC0-301F-11D3-BF4B-00C04F79EFBC}") = "patient-daily", "patient-daily\patient-daily.csproj", "{3479C6ED-D69D-41BA-9A26-8C8858E42F12}"
EndProject
Global
	GlobalSection(SolutionConfigurationPlatforms) = preSolution
		Debug|Any CPU = Debug|Any CPU
		Release|Any CPU = Release|Any CPU
	EndGlobalSection
	GlobalSection(ProjectConfigurationPlatforms) = postSolution
		{3479C6ED-D69D-41BA-9A26-8C8858E42F12}.Debug|Any CPU.ActiveCfg = Debug|Any CPU
		{3479C6ED-D69D-41BA-9A26-8C8858E42F12}.Debug|Any CPU.Build.0 = Debug|Any CPU
		{3479C6ED-D69D-41BA-9A26-8C8858E42F12}.Release|Any CPU.ActiveCfg = Release|Any CPU
		{3479C6ED-D69D-41BA-9A26-8C8858E42F12}.Release|Any CPU.Build.0 = Release|Any CPU
	EndGlobalSection
	GlobalSection(SolutionProperties) = preSolution
		HideSolutionNode = FALSE
	EndGlobalSection
	GlobalSection(ExtensibilityGlobals) = postSolution
		SolutionGuid = {ED225FA3-200D-4C67-A0E3-15EC43AB99D6}
	EndGlobalSection
EndGlobal
